
Microsoft Visual Studio Solution File, Format Version 12.00
# Visual Studio Version 17
VisualStudioVersion = 17.8.34511.84
MinimumVisualStudioVersion = 10.0.40219.1
Project("{FAE04EC0-301F-11D3-BF4B-00C04F79EFBC}") = "APITestAutomation", "APITestAutomation\APITestAutomation.csproj", "{2A7EAAF9-4C36-468A-A4B5-76FE3D6EFC37}"
EndProject
Global
	GlobalSection(SolutionConfigurationPlatforms) = preSolution
		Debug|Any CPU = Debug|Any CPU
		Release|Any CPU = Release|Any CPU
	EndGlobalSection
	GlobalSection(ProjectConfigurationPlatforms) = postSolution
		{2A7EAAF9-4C36-468A-A4B5-76FE3D6EFC37}.Debug|Any CPU.ActiveCfg = Debug|Any CPU
		{2A7EAAF9-4C36-468A-A4B5-76FE3D6EFC37}.Debug|Any CPU.Build.0 = Debug|Any CPU
		{2A7EAAF9-4C36-468A-A4B5-76FE3D6EFC37}.Release|Any CPU.ActiveCfg = Release|Any CPU
		{2A7EAAF9-4C36-468A-A4B5-76FE3D6EFC37}.Release|Any CPU.Build.0 = Release|Any CPU
	EndGlobalSection
	GlobalSection(SolutionProperties) = preSolution
		HideSolutionNode = FALSE
	EndGlobalSection
	GlobalSection(ExtensibilityGlobals) = postSolution
		SolutionGuid = {B7F7E054-C5F9-453E-8372-5570AA54E98E}
	EndGlobalSection
EndGlobal
